
Microsoft Visual Studio Solution File, Format Version 12.00
# Visual Studio 15
VisualStudioVersion = 15.0.28307.2092
MinimumVisualStudioVersion = 10.0.40219.1
Project("{FAE04EC0-301F-11D3-BF4B-00C04F79EFBC}") = "KisilerManagement", "KisilerManagement\KisilerManagement.csproj", "{4AD18A34-8974-4487-9DCE-9F681BFCF986}"
EndProject
Project("{FAE04EC0-301F-11D3-BF4B-00C04F79EFBC}") = "RaporManagement", "RaporManagement\RaporManagement.csproj", "{0B65A72C-FB82-4BAE-917D-3B7C82D48BD8}"
EndProject
Project("{FAE04EC0-301F-11D3-BF4B-00C04F79EFBC}") = "RehberManagement", "RehberManagement\RehberManagement.csproj", "{3DB599AF-89C0-4349-8E34-3F5BE92050E4}"
EndProject
Global
	GlobalSection(SolutionConfigurationPlatforms) = preSolution
		Debug|Any CPU = Debug|Any CPU
		Release|Any CPU = Release|Any CPU
	EndGlobalSection
	GlobalSection(ProjectConfigurationPlatforms) = postSolution
		{4AD18A34-8974-4487-9DCE-9F681BFCF986}.Debug|Any CPU.ActiveCfg = Debug|Any CPU
		{4AD18A34-8974-4487-9DCE-9F681BFCF986}.Debug|Any CPU.Build.0 = Debug|Any CPU
		{4AD18A34-8974-4487-9DCE-9F681BFCF986}.Release|Any CPU.ActiveCfg = Release|Any CPU
		{4AD18A34-8974-4487-9DCE-9F681BFCF986}.Release|Any CPU.Build.0 = Release|Any CPU
		{0B65A72C-FB82-4BAE-917D-3B7C82D48BD8}.Debug|Any CPU.ActiveCfg = Debug|Any CPU
		{0B65A72C-FB82-4BAE-917D-3B7C82D48BD8}.Debug|Any CPU.Build.0 = Debug|Any CPU
		{0B65A72C-FB82-4BAE-917D-3B7C82D48BD8}.Release|Any CPU.ActiveCfg = Release|Any CPU
		{0B65A72C-FB82-4BAE-917D-3B7C82D48BD8}.Release|Any CPU.Build.0 = Release|Any CPU
		{3DB599AF-89C0-4349-8E34-3F5BE92050E4}.Debug|Any CPU.ActiveCfg = Debug|Any CPU
		{3DB599AF-89C0-4349-8E34-3F5BE92050E4}.Debug|Any CPU.Build.0 = Debug|Any CPU
		{3DB599AF-89C0-4349-8E34-3F5BE92050E4}.Release|Any CPU.ActiveCfg = Release|Any CPU
		{3DB599AF-89C0-4349-8E34-3F5BE92050E4}.Release|Any CPU.Build.0 = Release|Any CPU
	EndGlobalSection
	GlobalSection(SolutionProperties) = preSolution
		HideSolutionNode = FALSE
	EndGlobalSection
	GlobalSection(ExtensibilityGlobals) = postSolution
		SolutionGuid = {F98B3578-C4ED-46B0-A7DE-D76B66BCE22C}
	EndGlobalSection
EndGlobal
